
Microsoft Visual Studio Solution File, Format Version 12.00
# Visual Studio Version 17
VisualStudioVersion = 17.11.35303.130
MinimumVisualStudioVersion = 10.0.40219.1
Project("{FAE04EC0-301F-11D3-BF4B-00C04F79EFBC}") = "NameSorter", "NameSorter.csproj", "{10D9B161-5971-4FD3-AB49-F0526A7FDACE}"
EndProject
Global
	GlobalSection(SolutionConfigurationPlatforms) = preSolution
		Debug|Any CPU = Debug|Any CPU
		Release|Any CPU = Release|Any CPU
	EndGlobalSection
	GlobalSection(ProjectConfigurationPlatforms) = postSolution
		{10D9B161-5971-4FD3-AB49-F0526A7FDACE}.Debug|Any CPU.ActiveCfg = Debug|Any CPU
		{10D9B161-5971-4FD3-AB49-F0526A7FDACE}.Debug|Any CPU.Build.0 = Debug|Any CPU
		{10D9B161-5971-4FD3-AB49-F0526A7FDACE}.Release|Any CPU.ActiveCfg = Release|Any CPU
		{10D9B161-5971-4FD3-AB49-F0526A7FDACE}.Release|Any CPU.Build.0 = Release|Any CPU
	EndGlobalSection
	GlobalSection(SolutionProperties) = preSolution
		HideSolutionNode = FALSE
	EndGlobalSection
	GlobalSection(ExtensibilityGlobals) = postSolution
		SolutionGuid = {5C07E091-06A4-4875-B244-740A9DE644BB}
	EndGlobalSection
EndGlobal
